
Microsoft Visual Studio Solution File, Format Version 12.00
# Visual Studio Version 17
VisualStudioVersion = 17.10.35027.167
MinimumVisualStudioVersion = 10.0.40219.1
Project("{FAE04EC0-301F-11D3-BF4B-00C04F79EFBC}") = "Fiap_Tech_Challenge_Fase1", "Fiap_Tech_Challenge_Fase1\Fiap_Tech_Challenge_Fase1.csproj", "{0C11E35F-FB61-4F33-96EF-E5085C9968A9}"
EndProject
Global
	GlobalSection(SolutionConfigurationPlatforms) = preSolution
		Debug|Any CPU = Debug|Any CPU
		Release|Any CPU = Release|Any CPU
	EndGlobalSection
	GlobalSection(ProjectConfigurationPlatforms) = postSolution
		{0C11E35F-FB61-4F33-96EF-E5085C9968A9}.Debug|Any CPU.ActiveCfg = Debug|Any CPU
		{0C11E35F-FB61-4F33-96EF-E5085C9968A9}.Debug|Any CPU.Build.0 = Debug|Any CPU
		{0C11E35F-FB61-4F33-96EF-E5085C9968A9}.Release|Any CPU.ActiveCfg = Release|Any CPU
		{0C11E35F-FB61-4F33-96EF-E5085C9968A9}.Release|Any CPU.Build.0 = Release|Any CPU
	EndGlobalSection
	GlobalSection(SolutionProperties) = preSolution
		HideSolutionNode = FALSE
	EndGlobalSection
	GlobalSection(ExtensibilityGlobals) = postSolution
		SolutionGuid = {D923F7C5-9117-47F4-920C-1A21F2ED0193}
	EndGlobalSection
EndGlobal
