
Microsoft Visual Studio Solution File, Format Version 12.00
# Visual Studio Version 17
VisualStudioVersion = 17.10.35027.167
MinimumVisualStudioVersion = 10.0.40219.1
Project("{9A19103F-16F7-4668-BE54-9A1E7A4F7556}") = "ConsultaContato", "src\ConsultaContato\ConsultaContato.csproj", "{0C11E35F-FB61-4F33-96EF-E5085C9968A9}"
EndProject
Project("{9A19103F-16F7-4668-BE54-9A1E7A4F7556}") = "Core", "src\Core\Core.csproj", "{E714E85D-99FC-437A-9185-19A4FE2613BC}"
EndProject
Project("{9A19103F-16F7-4668-BE54-9A1E7A4F7556}") = "Infrastructure", "src\Infrastructure\Infrastructure.csproj", "{C87EC1F8-42B6-4316-99A8-F73A5BF4A22C}"
EndProject
Project("{2150E333-8FDC-42A3-9474-1A3956D46DE8}") = "src", "src", "{490A1903-AAF6-4A6A-BFA1-8EA86E35FD32}"
EndProject
Project("{2150E333-8FDC-42A3-9474-1A3956D46DE8}") = "tests", "tests", "{E3DEB49B-EC9A-4EEF-AFB0-D14ED689B6EE}"
EndProject
Project("{9A19103F-16F7-4668-BE54-9A1E7A4F7556}") = "Fiap_Tech_Challenge_Fase1.Tests", "Fiap_Tech_Challenge_Fase1.Tests\Fiap_Tech_Challenge_Fase1.Tests.csproj", "{7206F4D0-2446-4E80-BAEC-246EF6504518}"
EndProject
Project("{2150E333-8FDC-42A3-9474-1A3956D46DE8}") = "RabbitMq", "RabbitMq", "{C6C03787-F5F3-4A6E-B16C-779E82F5FC0E}"
EndProject
Project("{2150E333-8FDC-42A3-9474-1A3956D46DE8}") = "Microservicos", "Microservicos", "{DEA9A995-0E83-434D-B985-32CB85736EE7}"
EndProject
Project("{9A19103F-16F7-4668-BE54-9A1E7A4F7556}") = "Cadastro", "src\Microservicos\Cadastro\Cadastro.csproj", "{DDE70713-239B-4E58-907A-3E9E9B698332}"
EndProject
Project("{9A19103F-16F7-4668-BE54-9A1E7A4F7556}") = "Atualizacao", "src\Microservicos\Atualizacao\Atualizacao.csproj", "{88856B46-E5C5-43D8-9360-F1EA43517ED2}"
EndProject
Project("{9A19103F-16F7-4668-BE54-9A1E7A4F7556}") = "Exclusao", "src\Microservicos\Exclusao\Exclusao.csproj", "{803BDAFA-9DA6-49C2-B905-0B9A1A18BF10}"
EndProject
Project("{2150E333-8FDC-42A3-9474-1A3956D46DE8}") = "Produtores", "Produtores", "{E54BC783-D410-4AB2-9F27-4093BDC80CAF}"
EndProject
Project("{9A19103F-16F7-4668-BE54-9A1E7A4F7556}") = "CadastroProdutor", "src\RabbitMq\Produtores\CadastroProdutor\CadastroProdutor.csproj", "{9054D6AE-CC3C-4997-9292-907AC0541CA4}"
EndProject
Project("{2150E333-8FDC-42A3-9474-1A3956D46DE8}") = "Consumidores", "Consumidores", "{73B5100A-55B2-40CD-977D-53F723CC21DE}"
EndProject
Project("{9A19103F-16F7-4668-BE54-9A1E7A4F7556}") = "CadastroConsumidor", "src\RabbitMq\Consumidores\CadastroConsumidor\CadastroConsumidor.csproj", "{9194564C-84FE-402B-A391-BB0E696392D1}"
EndProject
Project("{9A19103F-16F7-4668-BE54-9A1E7A4F7556}") = "AtualizacaoProdutor", "src\RabbitMq\Produtores\AtualizacaoProdutor\AtualizacaoProdutor.csproj", "{47CF343F-20AC-44E0-B958-65BF5EB6CF68}"
EndProject
Project("{9A19103F-16F7-4668-BE54-9A1E7A4F7556}") = "AtualizacaoConsumidor", "src\RabbitMq\Consumidores\AtualizacaoConsumidor\AtualizacaoConsumidor.csproj", "{97B74D52-CECA-4594-81DE-37B977EC0BB9}"
EndProject
Project("{9A19103F-16F7-4668-BE54-9A1E7A4F7556}") = "ExclusaoProdutor", "src\RabbitMq\Produtores\ExclusaoProdutor\ExclusaoProdutor.csproj", "{F0F1A9AF-F4EB-456F-9CD0-50E98E269503}"
EndProject
Project("{9A19103F-16F7-4668-BE54-9A1E7A4F7556}") = "ExclusaoConsumidor", "src\RabbitMq\Consumidores\ExclusaoConsumidor\ExclusaoConsumidor.csproj", "{62ADFC51-B30D-4DEB-9F98-38D9364675D9}"
EndProject
Project("{2150E333-8FDC-42A3-9474-1A3956D46DE8}") = "Solution Items", "Solution Items", "{6F5C944E-5753-4849-8D55-56C4ED3A3148}"
	ProjectSection(SolutionItems) = preProject
		docker-compose.yml = docker-compose.yml
	EndProjectSection
EndProject
Project("{2150E333-8FDC-42A3-9474-1A3956D46DE8}") = "k8s", "k8s", "{FB6C00B3-083B-4C35-8C44-5A6A08B65270}"
EndProject
Project("{2150E333-8FDC-42A3-9474-1A3956D46DE8}") = "deployment", "k8s\deployment", "{A008F78F-3910-450E-980C-AB754DEE9201}"
	ProjectSection(SolutionItems) = preProject
		k8s\deployment\cadastro-consumidor-deployment.yaml = k8s\deployment\cadastro-consumidor-deployment.yaml
		k8s\deployment\sqlserver-deployment.yaml = k8s\deployment\sqlserver-deployment.yaml
	EndProjectSection
EndProject
Project("{2150E333-8FDC-42A3-9474-1A3956D46DE8}") = "services", "k8s\services", "{20243353-AB3C-4EB0-B2D5-7DC075897435}"
	ProjectSection(SolutionItems) = preProject
		k8s\services\cadastro-consumidor-service.yaml = k8s\services\cadastro-consumidor-service.yaml
		k8s\services\sqlserver-service.yaml = k8s\services\sqlserver-service.yaml
	EndProjectSection
EndProject
Project("{2150E333-8FDC-42A3-9474-1A3956D46DE8}") = "configMaps", "k8s\configMaps", "{6FE674F2-44E1-40A7-B1A9-A5BC9F97AD14}"
EndProject
Project("{2150E333-8FDC-42A3-9474-1A3956D46DE8}") = "volumes", "k8s\volumes", "{4BADF0E7-B69F-4235-8F38-6D246B961A25}"
	ProjectSection(SolutionItems) = preProject
		k8s\volumes\sqlserver-pvc.yaml = k8s\volumes\sqlserver-pvc.yaml
	EndProjectSection
EndProject
Global
	GlobalSection(SolutionConfigurationPlatforms) = preSolution
		Debug|Any CPU = Debug|Any CPU
		Release|Any CPU = Release|Any CPU
	EndGlobalSection
	GlobalSection(ProjectConfigurationPlatforms) = postSolution
		{0C11E35F-FB61-4F33-96EF-E5085C9968A9}.Debug|Any CPU.ActiveCfg = Debug|Any CPU
		{0C11E35F-FB61-4F33-96EF-E5085C9968A9}.Debug|Any CPU.Build.0 = Debug|Any CPU
		{0C11E35F-FB61-4F33-96EF-E5085C9968A9}.Release|Any CPU.ActiveCfg = Release|Any CPU
		{0C11E35F-FB61-4F33-96EF-E5085C9968A9}.Release|Any CPU.Build.0 = Release|Any CPU
		{E714E85D-99FC-437A-9185-19A4FE2613BC}.Debug|Any CPU.ActiveCfg = Debug|Any CPU
		{E714E85D-99FC-437A-9185-19A4FE2613BC}.Debug|Any CPU.Build.0 = Debug|Any CPU
		{E714E85D-99FC-437A-9185-19A4FE2613BC}.Release|Any CPU.ActiveCfg = Release|Any CPU
		{E714E85D-99FC-437A-9185-19A4FE2613BC}.Release|Any CPU.Build.0 = Release|Any CPU
		{C87EC1F8-42B6-4316-99A8-F73A5BF4A22C}.Debug|Any CPU.ActiveCfg = Debug|Any CPU
		{C87EC1F8-42B6-4316-99A8-F73A5BF4A22C}.Debug|Any CPU.Build.0 = Debug|Any CPU
		{C87EC1F8-42B6-4316-99A8-F73A5BF4A22C}.Release|Any CPU.ActiveCfg = Release|Any CPU
		{C87EC1F8-42B6-4316-99A8-F73A5BF4A22C}.Release|Any CPU.Build.0 = Release|Any CPU
		{7206F4D0-2446-4E80-BAEC-246EF6504518}.Debug|Any CPU.ActiveCfg = Debug|Any CPU
		{7206F4D0-2446-4E80-BAEC-246EF6504518}.Debug|Any CPU.Build.0 = Debug|Any CPU
		{7206F4D0-2446-4E80-BAEC-246EF6504518}.Release|Any CPU.ActiveCfg = Release|Any CPU
		{7206F4D0-2446-4E80-BAEC-246EF6504518}.Release|Any CPU.Build.0 = Release|Any CPU
		{DDE70713-239B-4E58-907A-3E9E9B698332}.Debug|Any CPU.ActiveCfg = Debug|Any CPU
		{DDE70713-239B-4E58-907A-3E9E9B698332}.Debug|Any CPU.Build.0 = Debug|Any CPU
		{DDE70713-239B-4E58-907A-3E9E9B698332}.Release|Any CPU.ActiveCfg = Release|Any CPU
		{DDE70713-239B-4E58-907A-3E9E9B698332}.Release|Any CPU.Build.0 = Release|Any CPU
		{88856B46-E5C5-43D8-9360-F1EA43517ED2}.Debug|Any CPU.ActiveCfg = Debug|Any CPU
		{88856B46-E5C5-43D8-9360-F1EA43517ED2}.Debug|Any CPU.Build.0 = Debug|Any CPU
		{88856B46-E5C5-43D8-9360-F1EA43517ED2}.Release|Any CPU.ActiveCfg = Release|Any CPU
		{88856B46-E5C5-43D8-9360-F1EA43517ED2}.Release|Any CPU.Build.0 = Release|Any CPU
		{803BDAFA-9DA6-49C2-B905-0B9A1A18BF10}.Debug|Any CPU.ActiveCfg = Debug|Any CPU
		{803BDAFA-9DA6-49C2-B905-0B9A1A18BF10}.Debug|Any CPU.Build.0 = Debug|Any CPU
		{803BDAFA-9DA6-49C2-B905-0B9A1A18BF10}.Release|Any CPU.ActiveCfg = Release|Any CPU
		{803BDAFA-9DA6-49C2-B905-0B9A1A18BF10}.Release|Any CPU.Build.0 = Release|Any CPU
		{9054D6AE-CC3C-4997-9292-907AC0541CA4}.Debug|Any CPU.ActiveCfg = Debug|Any CPU
		{9054D6AE-CC3C-4997-9292-907AC0541CA4}.Debug|Any CPU.Build.0 = Debug|Any CPU
		{9054D6AE-CC3C-4997-9292-907AC0541CA4}.Release|Any CPU.ActiveCfg = Release|Any CPU
		{9054D6AE-CC3C-4997-9292-907AC0541CA4}.Release|Any CPU.Build.0 = Release|Any CPU
		{9194564C-84FE-402B-A391-BB0E696392D1}.Debug|Any CPU.ActiveCfg = Debug|Any CPU
		{9194564C-84FE-402B-A391-BB0E696392D1}.Debug|Any CPU.Build.0 = Debug|Any CPU
		{9194564C-84FE-402B-A391-BB0E696392D1}.Release|Any CPU.ActiveCfg = Release|Any CPU
		{9194564C-84FE-402B-A391-BB0E696392D1}.Release|Any CPU.Build.0 = Release|Any CPU
		{47CF343F-20AC-44E0-B958-65BF5EB6CF68}.Debug|Any CPU.ActiveCfg = Debug|Any CPU
		{47CF343F-20AC-44E0-B958-65BF5EB6CF68}.Debug|Any CPU.Build.0 = Debug|Any CPU
		{47CF343F-20AC-44E0-B958-65BF5EB6CF68}.Release|Any CPU.ActiveCfg = Release|Any CPU
		{47CF343F-20AC-44E0-B958-65BF5EB6CF68}.Release|Any CPU.Build.0 = Release|Any CPU
		{97B74D52-CECA-4594-81DE-37B977EC0BB9}.Debug|Any CPU.ActiveCfg = Debug|Any CPU
		{97B74D52-CECA-4594-81DE-37B977EC0BB9}.Debug|Any CPU.Build.0 = Debug|Any CPU
		{97B74D52-CECA-4594-81DE-37B977EC0BB9}.Release|Any CPU.ActiveCfg = Release|Any CPU
		{97B74D52-CECA-4594-81DE-37B977EC0BB9}.Release|Any CPU.Build.0 = Release|Any CPU
		{F0F1A9AF-F4EB-456F-9CD0-50E98E269503}.Debug|Any CPU.ActiveCfg = Debug|Any CPU
		{F0F1A9AF-F4EB-456F-9CD0-50E98E269503}.Debug|Any CPU.Build.0 = Debug|Any CPU
		{F0F1A9AF-F4EB-456F-9CD0-50E98E269503}.Release|Any CPU.ActiveCfg = Release|Any CPU
		{F0F1A9AF-F4EB-456F-9CD0-50E98E269503}.Release|Any CPU.Build.0 = Release|Any CPU
		{62ADFC51-B30D-4DEB-9F98-38D9364675D9}.Debug|Any CPU.ActiveCfg = Debug|Any CPU
		{62ADFC51-B30D-4DEB-9F98-38D9364675D9}.Debug|Any CPU.Build.0 = Debug|Any CPU
		{62ADFC51-B30D-4DEB-9F98-38D9364675D9}.Release|Any CPU.ActiveCfg = Release|Any CPU
		{62ADFC51-B30D-4DEB-9F98-38D9364675D9}.Release|Any CPU.Build.0 = Release|Any CPU
	EndGlobalSection
	GlobalSection(SolutionProperties) = preSolution
		HideSolutionNode = FALSE
	EndGlobalSection
	GlobalSection(NestedProjects) = preSolution
		{0C11E35F-FB61-4F33-96EF-E5085C9968A9} = {490A1903-AAF6-4A6A-BFA1-8EA86E35FD32}
		{E714E85D-99FC-437A-9185-19A4FE2613BC} = {490A1903-AAF6-4A6A-BFA1-8EA86E35FD32}
		{C87EC1F8-42B6-4316-99A8-F73A5BF4A22C} = {490A1903-AAF6-4A6A-BFA1-8EA86E35FD32}
		{7206F4D0-2446-4E80-BAEC-246EF6504518} = {E3DEB49B-EC9A-4EEF-AFB0-D14ED689B6EE}
		{C6C03787-F5F3-4A6E-B16C-779E82F5FC0E} = {490A1903-AAF6-4A6A-BFA1-8EA86E35FD32}
		{DEA9A995-0E83-434D-B985-32CB85736EE7} = {490A1903-AAF6-4A6A-BFA1-8EA86E35FD32}
		{DDE70713-239B-4E58-907A-3E9E9B698332} = {DEA9A995-0E83-434D-B985-32CB85736EE7}
		{88856B46-E5C5-43D8-9360-F1EA43517ED2} = {DEA9A995-0E83-434D-B985-32CB85736EE7}
		{803BDAFA-9DA6-49C2-B905-0B9A1A18BF10} = {DEA9A995-0E83-434D-B985-32CB85736EE7}
		{E54BC783-D410-4AB2-9F27-4093BDC80CAF} = {C6C03787-F5F3-4A6E-B16C-779E82F5FC0E}
		{9054D6AE-CC3C-4997-9292-907AC0541CA4} = {E54BC783-D410-4AB2-9F27-4093BDC80CAF}
		{73B5100A-55B2-40CD-977D-53F723CC21DE} = {C6C03787-F5F3-4A6E-B16C-779E82F5FC0E}
		{9194564C-84FE-402B-A391-BB0E696392D1} = {73B5100A-55B2-40CD-977D-53F723CC21DE}
		{47CF343F-20AC-44E0-B958-65BF5EB6CF68} = {E54BC783-D410-4AB2-9F27-4093BDC80CAF}
		{97B74D52-CECA-4594-81DE-37B977EC0BB9} = {73B5100A-55B2-40CD-977D-53F723CC21DE}
		{F0F1A9AF-F4EB-456F-9CD0-50E98E269503} = {E54BC783-D410-4AB2-9F27-4093BDC80CAF}
		{62ADFC51-B30D-4DEB-9F98-38D9364675D9} = {73B5100A-55B2-40CD-977D-53F723CC21DE}
		{A008F78F-3910-450E-980C-AB754DEE9201} = {FB6C00B3-083B-4C35-8C44-5A6A08B65270}
		{20243353-AB3C-4EB0-B2D5-7DC075897435} = {FB6C00B3-083B-4C35-8C44-5A6A08B65270}
		{6FE674F2-44E1-40A7-B1A9-A5BC9F97AD14} = {FB6C00B3-083B-4C35-8C44-5A6A08B65270}
		{4BADF0E7-B69F-4235-8F38-6D246B961A25} = {FB6C00B3-083B-4C35-8C44-5A6A08B65270}
	EndGlobalSection
	GlobalSection(ExtensibilityGlobals) = postSolution
		SolutionGuid = {D923F7C5-9117-47F4-920C-1A21F2ED0193}
	EndGlobalSection
EndGlobal
